{
  "name": "BattleTriangle-Gamma",
  "lockfileVersion": 3,
  "requires": true,
  "packages": {
    "": {
      "dependencies": {
        "os-locale": "^6.0.2"
      }
    },
    "node_modules/invert-kv": {
      "version": "3.0.1",
      "resolved": "https://registry.npmmirror.com/invert-kv/-/invert-kv-3.0.1.tgz",
      "integrity": "sha512-CYdFeFexxhv/Bcny+Q0BfOV+ltRlJcd4BBZBYFX/O0u4npJrgZtIcjokegtiSMAvlMTJ+Koq0GBCc//3bueQxw==",
      "engines": {
        "node": ">=8"
      }
    },
    "node_modules/lcid": {
      "version": "3.1.1",
      "resolved": "https://registry.npmmirror.com/lcid/-/lcid-3.1.1.tgz",
      "integrity": "sha512-M6T051+5QCGLBQb8id3hdvIW8+zeFV2FyBGFS9IEK5H9Wt4MueD4bW1eWikpHgZp+5xR3l5c8pZUkQsIA0BFZg==",
      "dependencies": {
        "invert-kv": "^3.0.0"
      },
      "engines": {
        "node": ">=8"
      }
    },
    "node_modules/os-locale": {
      "version": "6.0.2",
      "resolved": "https://registry.npmmirror.com/os-locale/-/os-locale-6.0.2.tgz",
      "integrity": "sha512-qIb8bzRqaN/vVqEYZ7lTAg6PonskO7xOmM7OClD28F6eFa4s5XGe4bGpHUHMoCHbNNuR0pDYFeSLiW5bnjWXIA==",
      "dependencies": {
        "lcid": "^3.1.1"
      },
      "engines": {
        "node": ">=12.20"
      }
    }
  }
}
